
Microsoft Visual Studio Solution File, Format Version 12.00
# Visual Studio Version 17
VisualStudioVersion = 17.10.35004.147
MinimumVisualStudioVersion = 10.0.40219.1
Project("{FAE04EC0-301F-11D3-BF4B-00C04F79EFBC}") = "Sourcegraph.Cody", "Sourcegraph.Cody\Sourcegraph.Cody.csproj", "{F6C26434-3B9F-4742-81EB-FFDE432AC1EF}"
EndProject
Global
	GlobalSection(SolutionConfigurationPlatforms) = preSolution
		Debug|Any CPU = Debug|Any CPU
		Debug|arm64 = Debug|arm64
		Debug|x86 = Debug|x86
		Release|Any CPU = Release|Any CPU
		Release|arm64 = Release|arm64
		Release|x86 = Release|x86
	EndGlobalSection
	GlobalSection(ProjectConfigurationPlatforms) = postSolution
		{F6C26434-3B9F-4742-81EB-FFDE432AC1EF}.Debug|Any CPU.ActiveCfg = Debug|Any CPU
		{F6C26434-3B9F-4742-81EB-FFDE432AC1EF}.Debug|Any CPU.Build.0 = Debug|Any CPU
		{F6C26434-3B9F-4742-81EB-FFDE432AC1EF}.Debug|arm64.ActiveCfg = Debug|arm64
		{F6C26434-3B9F-4742-81EB-FFDE432AC1EF}.Debug|arm64.Build.0 = Debug|arm64
		{F6C26434-3B9F-4742-81EB-FFDE432AC1EF}.Debug|x86.ActiveCfg = Debug|x86
		{F6C26434-3B9F-4742-81EB-FFDE432AC1EF}.Debug|x86.Build.0 = Debug|x86
		{F6C26434-3B9F-4742-81EB-FFDE432AC1EF}.Release|Any CPU.ActiveCfg = Release|Any CPU
		{F6C26434-3B9F-4742-81EB-FFDE432AC1EF}.Release|Any CPU.Build.0 = Release|Any CPU
		{F6C26434-3B9F-4742-81EB-FFDE432AC1EF}.Release|arm64.ActiveCfg = Release|arm64
		{F6C26434-3B9F-4742-81EB-FFDE432AC1EF}.Release|arm64.Build.0 = Release|arm64
		{F6C26434-3B9F-4742-81EB-FFDE432AC1EF}.Release|x86.ActiveCfg = Release|x86
		{F6C26434-3B9F-4742-81EB-FFDE432AC1EF}.Release|x86.Build.0 = Release|x86
	EndGlobalSection
	GlobalSection(SolutionProperties) = preSolution
		HideSolutionNode = FALSE
	EndGlobalSection
	GlobalSection(ExtensibilityGlobals) = postSolution
		SolutionGuid = {5037E2BD-80E3-4E70-9167-D9153D1160DE}
	EndGlobalSection
EndGlobal
